
Microsoft Visual Studio Solution File, Format Version 12.00
# Visual Studio Version 16
VisualStudioVersion = 16.0.31112.23
MinimumVisualStudioVersion = 10.0.40219.1
Project("{FAE04EC0-301F-11D3-BF4B-00C04F79EFBC}") = "PrimeFactorKata", "PrimeFactorKata\PrimeFactorKata.csproj", "{9F8ADFFF-848C-468B-88A5-F015FB6A5B24}"
EndProject
Project("{FAE04EC0-301F-11D3-BF4B-00C04F79EFBC}") = "TestProgram", "TestProgram\TestProgram.csproj", "{A1F31268-63C1-4B79-A2B4-9C8CC101C9CF}"
EndProject
Global
	GlobalSection(SolutionConfigurationPlatforms) = preSolution
		Debug|Any CPU = Debug|Any CPU
		Release|Any CPU = Release|Any CPU
	EndGlobalSection
	GlobalSection(ProjectConfigurationPlatforms) = postSolution
		{9F8ADFFF-848C-468B-88A5-F015FB6A5B24}.Debug|Any CPU.ActiveCfg = Debug|Any CPU
		{9F8ADFFF-848C-468B-88A5-F015FB6A5B24}.Debug|Any CPU.Build.0 = Debug|Any CPU
		{9F8ADFFF-848C-468B-88A5-F015FB6A5B24}.Release|Any CPU.ActiveCfg = Release|Any CPU
		{9F8ADFFF-848C-468B-88A5-F015FB6A5B24}.Release|Any CPU.Build.0 = Release|Any CPU
		{A1F31268-63C1-4B79-A2B4-9C8CC101C9CF}.Debug|Any CPU.ActiveCfg = Debug|Any CPU
		{A1F31268-63C1-4B79-A2B4-9C8CC101C9CF}.Debug|Any CPU.Build.0 = Debug|Any CPU
		{A1F31268-63C1-4B79-A2B4-9C8CC101C9CF}.Release|Any CPU.ActiveCfg = Release|Any CPU
		{A1F31268-63C1-4B79-A2B4-9C8CC101C9CF}.Release|Any CPU.Build.0 = Release|Any CPU
	EndGlobalSection
	GlobalSection(SolutionProperties) = preSolution
		HideSolutionNode = FALSE
	EndGlobalSection
	GlobalSection(ExtensibilityGlobals) = postSolution
		SolutionGuid = {688FE1FD-0944-48DE-AFDE-2C3354483782}
	EndGlobalSection
EndGlobal
