
Microsoft Visual Studio Solution File, Format Version 12.00
# Visual Studio Version 16
VisualStudioVersion = 16.0.31112.23
MinimumVisualStudioVersion = 10.0.40219.1
Project("{FAE04EC0-301F-11D3-BF4B-00C04F79EFBC}") = "PassTask3.2", "PassTask3.2\PassTask3.2.csproj", "{64B1D539-D160-4863-9A2E-F5D810AB7AE5}"
EndProject
Project("{FAE04EC0-301F-11D3-BF4B-00C04F79EFBC}") = "TestPassTask3.2", "TestClock\TestPassTask3.2.csproj", "{00CBEE25-D97E-49D6-BE94-975811941256}"
EndProject
Global
	GlobalSection(SolutionConfigurationPlatforms) = preSolution
		Debug|Any CPU = Debug|Any CPU
		Release|Any CPU = Release|Any CPU
	EndGlobalSection
	GlobalSection(ProjectConfigurationPlatforms) = postSolution
		{64B1D539-D160-4863-9A2E-F5D810AB7AE5}.Debug|Any CPU.ActiveCfg = Debug|Any CPU
		{64B1D539-D160-4863-9A2E-F5D810AB7AE5}.Debug|Any CPU.Build.0 = Debug|Any CPU
		{64B1D539-D160-4863-9A2E-F5D810AB7AE5}.Release|Any CPU.ActiveCfg = Release|Any CPU
		{64B1D539-D160-4863-9A2E-F5D810AB7AE5}.Release|Any CPU.Build.0 = Release|Any CPU
		{00CBEE25-D97E-49D6-BE94-975811941256}.Debug|Any CPU.ActiveCfg = Debug|Any CPU
		{00CBEE25-D97E-49D6-BE94-975811941256}.Debug|Any CPU.Build.0 = Debug|Any CPU
		{00CBEE25-D97E-49D6-BE94-975811941256}.Release|Any CPU.ActiveCfg = Release|Any CPU
		{00CBEE25-D97E-49D6-BE94-975811941256}.Release|Any CPU.Build.0 = Release|Any CPU
	EndGlobalSection
	GlobalSection(SolutionProperties) = preSolution
		HideSolutionNode = FALSE
	EndGlobalSection
	GlobalSection(ExtensibilityGlobals) = postSolution
		SolutionGuid = {9A3C2DDC-4221-40EA-BAC0-374A48C719B0}
	EndGlobalSection
EndGlobal
